
Microsoft Visual Studio Solution File, Format Version 12.00
# Visual Studio Version 17
VisualStudioVersion = 17.3.32929.385
MinimumVisualStudioVersion = 10.0.40219.1
Project("{FAE04EC0-301F-11D3-BF4B-00C04F79EFBC}") = "my-books", "my-books\my-books.csproj", "{9B062B91-5E15-46AC-92ED-673F3A146832}"
EndProject
Global
	GlobalSection(SolutionConfigurationPlatforms) = preSolution
		Debug|Any CPU = Debug|Any CPU
		Release|Any CPU = Release|Any CPU
	EndGlobalSection
	GlobalSection(ProjectConfigurationPlatforms) = postSolution
		{9B062B91-5E15-46AC-92ED-673F3A146832}.Debug|Any CPU.ActiveCfg = Debug|Any CPU
		{9B062B91-5E15-46AC-92ED-673F3A146832}.Debug|Any CPU.Build.0 = Debug|Any CPU
		{9B062B91-5E15-46AC-92ED-673F3A146832}.Release|Any CPU.ActiveCfg = Release|Any CPU
		{9B062B91-5E15-46AC-92ED-673F3A146832}.Release|Any CPU.Build.0 = Release|Any CPU
	EndGlobalSection
	GlobalSection(SolutionProperties) = preSolution
		HideSolutionNode = FALSE
	EndGlobalSection
	GlobalSection(ExtensibilityGlobals) = postSolution
		SolutionGuid = {BB5D1D26-2538-4DD7-BA63-7CB67D6E31E2}
	EndGlobalSection
EndGlobal
